// !$*UTF8*$!
{
	archiveVersion = 1;
	classes = {
	};
	objectVersion = 46;
	objects = {

/* Begin PBXBuildFile section */
		840392731E9FBA5E004DADCF /* HTTPHandler.swift in Sources */ = {isa = PBXBuildFile; fileRef = 840392721E9FBA5E004DADCF /* HTTPHandler.swift */; };
		840392751E9FBD85004DADCF /* JSONParser.swift in Sources */ = {isa = PBXBuildFile; fileRef = 840392741E9FBD85004DADCF /* JSONParser.swift */; };
		840392771E9FC013004DADCF /* MovieDataProcessor.swift in Sources */ = {isa = PBXBuildFile; fileRef = 840392761E9FC013004DADCF /* MovieDataProcessor.swift */; };
		845F2E911E9D48F6000A82F9 /* AppDelegate.swift in Sources */ = {isa = PBXBuildFile; fileRef = 845F2E901E9D48F6000A82F9 /* AppDelegate.swift */; };
		845F2E931E9D48F6000A82F9 /* ViewController.swift in Sources */ = {isa = PBXBuildFile; fileRef = 845F2E921E9D48F6000A82F9 /* ViewController.swift */; };
		845F2E961E9D48F6000A82F9 /* Main.storyboard in Resources */ = {isa = PBXBuildFile; fileRef = 845F2E941E9D48F6000A82F9 /* Main.storyboard */; };
		845F2E981E9D48F6000A82F9 /* Assets.xcassets in Resources */ = {isa = PBXBuildFile; fileRef = 845F2E971E9D48F6000A82F9 /* Assets.xcassets */; };
		845F2E9B1E9D48F6000A82F9 /* LaunchScreen.storyboard in Resources */ = {isa = PBXBuildFile; fileRef = 845F2E991E9D48F6000A82F9 /* LaunchScreen.storyboard */; };
		845F2EA31E9D55E1000A82F9 /* CustomTableViewCell.swift in Sources */ = {isa = PBXBuildFile; fileRef = 845F2EA21E9D55E1000A82F9 /* CustomTableViewCell.swift */; };
		845F2EA51E9D5AF4000A82F9 /* Movie.swift in Sources */ = {isa = PBXBuildFile; fileRef = 845F2EA41E9D5AF4000A82F9 /* Movie.swift */; };
		84ECA57B1E9E9C2A00302DEB /* SearchViewController.swift in Sources */ = {isa = PBXBuildFile; fileRef = 84ECA57A1E9E9C2A00302DEB /* SearchViewController.swift */; };
/* End PBXBuildFile section */

/* Begin PBXFileReference section */
		840392721E9FBA5E004DADCF /* HTTPHandler.swift */ = {isa = PBXFileReference; fileEncoding = 4; lastKnownFileType = sourcecode.swift; path = HTTPHandler.swift; sourceTree = "<group>"; };
		840392741E9FBD85004DADCF /* JSONParser.swift */ = {isa = PBXFileReference; fileEncoding = 4; lastKnownFileType = sourcecode.swift; path = JSONParser.swift; sourceTree = "<group>"; };
		840392761E9FC013004DADCF /* MovieDataProcessor.swift */ = {isa = PBXFileReference; fileEncoding = 4; lastKnownFileType = sourcecode.swift; path = MovieDataProcessor.swift; sourceTree = "<group>"; };
		845F2E8D1E9D48F6000A82F9 /* FirstIOSApp.app */ = {isa = PBXFileReference; explicitFileType = wrapper.application; includeInIndex = 0; path = FirstIOSApp.app; sourceTree = BUILT_PRODUCTS_DIR; };
		845F2E901E9D48F6000A82F9 /* AppDelegate.swift */ = {isa = PBXFileReference; lastKnownFileType = sourcecode.swift; path = AppDelegate.swift; sourceTree = "<group>"; };
		845F2E921E9D48F6000A82F9 /* ViewController.swift */ = {isa = PBXFileReference; lastKnownFileType = sourcecode.swift; path = ViewController.swift; sourceTree = "<group>"; };
		845F2E951E9D48F6000A82F9 /* Base */ = {isa = PBXFileReference; lastKnownFileType = file.storyboard; name = Base; path = Base.lproj/Main.storyboard; sourceTree = "<group>"; };
		845F2E971E9D48F6000A82F9 /* Assets.xcassets */ = {isa = PBXFileReference; lastKnownFileType = folder.assetcatalog; path = Assets.xcassets; sourceTree = "<group>"; };
		845F2E9A1E9D48F6000A82F9 /* Base */ = {isa = PBXFileReference; lastKnownFileType = file.storyboard; name = Base; path = Base.lproj/LaunchScreen.storyboard; sourceTree = "<group>"; };
		845F2E9C1E9D48F6000A82F9 /* Info.plist */ = {isa = PBXFileReference; lastKnownFileType = text.plist.xml; path = Info.plist; sourceTree = "<group>"; };
		845F2EA21E9D55E1000A82F9 /* CustomTableViewCell.swift */ = {isa = PBXFileReference; fileEncoding = 4; lastKnownFileType = sourcecode.swift; path = CustomTableViewCell.swift; sourceTree = "<group>"; };
		845F2EA41E9D5AF4000A82F9 /* Movie.swift */ = {isa = PBXFileReference; fileEncoding = 4; lastKnownFileType = sourcecode.swift; path = Movie.swift; sourceTree = "<group>"; };
		84ECA57A1E9E9C2A00302DEB /* SearchViewController.swift */ = {isa = PBXFileReference; fileEncoding = 4; lastKnownFileType = sourcecode.swift; path = SearchViewController.swift; sourceTree = "<group>"; };
/* End PBXFileReference section */

/* Begin PBXFrameworksBuildPhase section */
		845F2E8A1E9D48F5000A82F9 /* Frameworks */ = {
			isa = PBXFrameworksBuildPhase;
			buildActionMask = 2147483647;
			files = (
			);
			runOnlyForDeploymentPostprocessing = 0;
		};
/* End PBXFrameworksBuildPhase section */

/* Begin PBXGroup section */
		845F2E841E9D48F5000A82F9 = {
			isa = PBXGroup;
			children = (
				845F2E8F1E9D48F6000A82F9 /* FirstIOSApp */,
				845F2E8E1E9D48F6000A82F9 /* Products */,
			);
			sourceTree = "<group>";
		};
		845F2E8E1E9D48F6000A82F9 /* Products */ = {
			isa = PBXGroup;
			children = (
				845F2E8D1E9D48F6000A82F9 /* FirstIOSApp.app */,
			);
			name = Products;
			sourceTree = "<group>";
		};
		845F2E8F1E9D48F6000A82F9 /* FirstIOSApp */ = {
			isa = PBXGroup;
			children = (
				845F2E901E9D48F6000A82F9 /* AppDelegate.swift */,
				845F2E921E9D48F6000A82F9 /* ViewController.swift */,
				845F2E941E9D48F6000A82F9 /* Main.storyboard */,
				845F2E971E9D48F6000A82F9 /* Assets.xcassets */,
				845F2E991E9D48F6000A82F9 /* LaunchScreen.storyboard */,
				845F2E9C1E9D48F6000A82F9 /* Info.plist */,
				845F2EA21E9D55E1000A82F9 /* CustomTableViewCell.swift */,
				845F2EA41E9D5AF4000A82F9 /* Movie.swift */,
				84ECA57A1E9E9C2A00302DEB /* SearchViewController.swift */,
				840392721E9FBA5E004DADCF /* HTTPHandler.swift */,
				840392741E9FBD85004DADCF /* JSONParser.swift */,
				840392761E9FC013004DADCF /* MovieDataProcessor.swift */,
			);
			path = FirstIOSApp;
			sourceTree = "<group>";
		};
/* End PBXGroup section */

/* Begin PBXNativeTarget section */
		845F2E8C1E9D48F5000A82F9 /* FirstIOSApp */ = {
			isa = PBXNativeTarget;
			buildConfigurationList = 845F2E9F1E9D48F6000A82F9 /* Build configuration list for PBXNativeTarget "FirstIOSApp" */;
			buildPhases = (
				845F2E891E9D48F5000A82F9 /* Sources */,
				845F2E8A1E9D48F5000A82F9 /* Frameworks */,
				845F2E8B1E9D48F5000A82F9 /* Resources */,
			);
			buildRules = (
			);
			dependencies = (
			);
			name = FirstIOSApp;
			productName = FirstIOSApp;
			productReference = 845F2E8D1E9D48F6000A82F9 /* FirstIOSApp.app */;
			productType = "com.apple.product-type.application";
		};
/* End PBXNativeTarget section */

/* Begin PBXProject section */
		845F2E851E9D48F5000A82F9 /* Project object */ = {
			isa = PBXProject;
			attributes = {
				LastSwiftUpdateCheck = 0820;
				LastUpgradeCheck = 0820;
				ORGANIZATIONNAME = TanMacVbox;
				TargetAttributes = {
					845F2E8C1E9D48F5000A82F9 = {
						CreatedOnToolsVersion = 8.2.1;
						ProvisioningStyle = Automatic;
					};
				};
			};
			buildConfigurationList = 845F2E881E9D48F5000A82F9 /* Build configuration list for PBXProject "FirstIOSApp" */;
			compatibilityVersion = "Xcode 3.2";
			developmentRegion = English;
			hasScannedForEncodings = 0;
			knownRegions = (
				en,
				Base,
			);
			mainGroup = 845F2E841E9D48F5000A82F9;
			productRefGroup = 845F2E8E1E9D48F6000A82F9 /* Products */;
			projectDirPath = "";
			projectRoot = "";
			targets = (
				845F2E8C1E9D48F5000A82F9 /* FirstIOSApp */,
			);
		};
/* End PBXProject section */

/* Begin PBXResourcesBuildPhase section */
		845F2E8B1E9D48F5000A82F9 /* Resources */ = {
			isa = PBXResourcesBuildPhase;
			buildActionMask = 2147483647;
			files = (
				845F2E9B1E9D48F6000A82F9 /* LaunchScreen.storyboard in Resources */,
				845F2E981E9D48F6000A82F9 /* Assets.xcassets in Resources */,
				845F2E961E9D48F6000A82F9 /* Main.storyboard in Resources */,
			);
			runOnlyForDeploymentPostprocessing = 0;
		};
/* End PBXResourcesBuildPhase section */

/* Begin PBXSourcesBuildPhase section */
		845F2E891E9D48F5000A82F9 /* Sources */ = {
			isa = PBXSourcesBuildPhase;
			buildActionMask = 2147483647;
			files = (
				84ECA57B1E9E9C2A00302DEB /* SearchViewController.swift in Sources */,
				845F2EA31E9D55E1000A82F9 /* CustomTableViewCell.swift in Sources */,
				840392751E9FBD85004DADCF /* JSONParser.swift in Sources */,
				845F2E931E9D48F6000A82F9 /* ViewController.swift in Sources */,
				845F2EA51E9D5AF4000A82F9 /* Movie.swift in Sources */,
				840392771E9FC013004DADCF /* MovieDataProcessor.swift in Sources */,
				840392731E9FBA5E004DADCF /* HTTPHandler.swift in Sources */,
				845F2E911E9D48F6000A82F9 /* AppDelegate.swift in Sources */,
			);
			runOnlyForDeploymentPostprocessing = 0;
		};
/* End PBXSourcesBuildPhase section */

/* Begin PBXVariantGroup section */
		845F2E941E9D48F6000A82F9 /* Main.storyboard */ = {
			isa = PBXVariantGroup;
			children = (
				845F2E951E9D48F6000A82F9 /* Base */,
			);
			name = Main.storyboard;
			sourceTree = "<group>";
		};
		845F2E991E9D48F6000A82F9 /* LaunchScreen.storyboard */ = {
			isa = PBXVariantGroup;
			children = (
				845F2E9A1E9D48F6000A82F9 /* Base */,
			);
			name = LaunchScreen.storyboard;
			sourceTree = "<group>";
		};
/* End PBXVariantGroup section */

/* Begin XCBuildConfiguration section */
		845F2E9D1E9D48F6000A82F9 /* Debug */ = {
			isa = XCBuildConfiguration;
			buildSettings = {
				ALWAYS_SEARCH_USER_PATHS = NO;
				CLANG_ANALYZER_NONNULL = YES;
				CLANG_CXX_LANGUAGE_STANDARD = "gnu++0x";
				CLANG_CXX_LIBRARY = "libc++";
				CLANG_ENABLE_MODULES = YES;
				CLANG_ENABLE_OBJC_ARC = YES;
				CLANG_WARN_BOOL_CONVERSION = YES;
				CLANG_WARN_CONSTANT_CONVERSION = YES;
				CLANG_WARN_DIRECT_OBJC_ISA_USAGE = YES_ERROR;
				CLANG_WARN_DOCUMENTATION_COMMENTS = YES;
				CLANG_WARN_EMPTY_BODY = YES;
				CLANG_WARN_ENUM_CONVERSION = YES;
				CLANG_WARN_INFINITE_RECURSION = YES;
				CLANG_WARN_INT_CONVERSION = YES;
				CLANG_WARN_OBJC_ROOT_CLASS = YES_ERROR;
				CLANG_WARN_SUSPICIOUS_MOVE = YES;
				CLANG_WARN_UNREACHABLE_CODE = YES;
				CLANG_WARN__DUPLICATE_METHOD_MATCH = YES;
				"CODE_SIGN_IDENTITY[sdk=iphoneos*]" = "iPhone Developer";
				COPY_PHASE_STRIP = NO;
				DEBUG_INFORMATION_FORMAT = dwarf;
				ENABLE_STRICT_OBJC_MSGSEND = YES;
				ENABLE_TESTABILITY = YES;
				GCC_C_LANGUAGE_STANDARD = gnu99;
				GCC_DYNAMIC_NO_PIC = NO;
				GCC_NO_COMMON_BLOCKS = YES;
				GCC_OPTIMIZATION_LEVEL = 0;
				GCC_PREPROCESSOR_DEFINITIONS = (
					"DEBUG=1",
					"$(inherited)",
				);
				GCC_WARN_64_TO_32_BIT_CONVERSION = YES;
				GCC_WARN_ABOUT_RETURN_TYPE = YES_ERROR;
				GCC_WARN_UNDECLARED_SELECTOR = YES;
				GCC_WARN_UNINITIALIZED_AUTOS = YES_AGGRESSIVE;
				GCC_WARN_UNUSED_FUNCTION = YES;
				GCC_WARN_UNUSED_VARIABLE = YES;
				IPHONEOS_DEPLOYMENT_TARGET = 10.2;
				MTL_ENABLE_DEBUG_INFO = YES;
				ONLY_ACTIVE_ARCH = YES;
				SDKROOT = iphoneos;
				SWIFT_ACTIVE_COMPILATION_CONDITIONS = DEBUG;
				SWIFT_OPTIMIZATION_LEVEL = "-Onone";
				TARGETED_DEVICE_FAMILY = "1,2";
			};
			name = Debug;
		};
		845F2E9E1E9D48F6000A82F9 /* Release */ = {
			isa = XCBuildConfiguration;
			buildSettings = {
				ALWAYS_SEARCH_USER_PATHS = NO;
				CLANG_ANALYZER_NONNULL = YES;
				CLANG_CXX_LANGUAGE_STANDARD = "gnu++0x";
				CLANG_CXX_LIBRARY = "libc++";
				CLANG_ENABLE_MODULES = YES;
				CLANG_ENABLE_OBJC_ARC = YES;
				CLANG_WARN_BOOL_CONVERSION = YES;
				CLANG_WARN_CONSTANT_CONVERSION = YES;
				CLANG_WARN_DIRECT_OBJC_ISA_USAGE = YES_ERROR;
				CLANG_WARN_DOCUMENTATION_COMMENTS = YES;
				CLANG_WARN_EMPTY_BODY = YES;
				CLANG_WARN_ENUM_CONVERSION = YES;
				CLANG_WARN_INFINITE_RECURSION = YES;
				CLANG_WARN_INT_CONVERSION = YES;
				CLANG_WARN_OBJC_ROOT_CLASS = YES_ERROR;
				CLANG_WARN_SUSPICIOUS_MOVE = YES;
				CLANG_WARN_UNREACHABLE_CODE = YES;
				CLANG_WARN__DUPLICATE_METHOD_MATCH = YES;
				"CODE_SIGN_IDENTITY[sdk=iphoneos*]" = "iPhone Developer";
				COPY_PHASE_STRIP = NO;
				DEBUG_INFORMATION_FORMAT = "dwarf-with-dsym";
				ENABLE_NS_ASSERTIONS = NO;
				ENABLE_STRICT_OBJC_MSGSEND = YES;
				GCC_C_LANGUAGE_STANDARD = gnu99;
				GCC_NO_COMMON_BLOCKS = YES;
				GCC_WARN_64_TO_32_BIT_CONVERSION = YES;
				GCC_WARN_ABOUT_RETURN_TYPE = YES_ERROR;
				GCC_WARN_UNDECLARED_SELECTOR = YES;
				GCC_WARN_UNINITIALIZED_AUTOS = YES_AGGRESSIVE;
				GCC_WARN_UNUSED_FUNCTION = YES;
				GCC_WARN_UNUSED_VARIABLE = YES;
				IPHONEOS_DEPLOYMENT_TARGET = 10.2;
				MTL_ENABLE_DEBUG_INFO = NO;
				SDKROOT = iphoneos;
				SWIFT_OPTIMIZATION_LEVEL = "-Owholemodule";
				TARGETED_DEVICE_FAMILY = "1,2";
				VALIDATE_PRODUCT = YES;
			};
			name = Release;
		};
		845F2EA01E9D48F6000A82F9 /* Debug */ = {
			isa = XCBuildConfiguration;
			buildSettings = {
				ASSETCATALOG_COMPILER_APPICON_NAME = AppIcon;
				INFOPLIST_FILE = FirstIOSApp/Info.plist;
				IPHONEOS_DEPLOYMENT_TARGET = 9.0;
				LD_RUNPATH_SEARCH_PATHS = "$(inherited) @executable_path/Frameworks";
				PRODUCT_BUNDLE_IDENTIFIER = tanbui.FirstIOSApp;
				PRODUCT_NAME = "$(TARGET_NAME)";
				SWIFT_VERSION = 3.0;
				TARGETED_DEVICE_FAMILY = 1;
			};
			name = Debug;
		};
		845F2EA11E9D48F6000A82F9 /* Release */ = {
			isa = XCBuildConfiguration;
			buildSettings = {
				ASSETCATALOG_COMPILER_APPICON_NAME = AppIcon;
				INFOPLIST_FILE = FirstIOSApp/Info.plist;
				IPHONEOS_DEPLOYMENT_TARGET = 9.0;
				LD_RUNPATH_SEARCH_PATHS = "$(inherited) @executable_path/Frameworks";
				PRODUCT_BUNDLE_IDENTIFIER = tanbui.FirstIOSApp;
				PRODUCT_NAME = "$(TARGET_NAME)";
				SWIFT_VERSION = 3.0;
				TARGETED_DEVICE_FAMILY = 1;
			};
			name = Release;
		};
/* End XCBuildConfiguration section */

/* Begin XCConfigurationList section */
		845F2E881E9D48F5000A82F9 /* Build configuration list for PBXProject "FirstIOSApp" */ = {
			isa = XCConfigurationList;
			buildConfigurations = (
				845F2E9D1E9D48F6000A82F9 /* Debug */,
				845F2E9E1E9D48F6000A82F9 /* Release */,
			);
			defaultConfigurationIsVisible = 0;
			defaultConfigurationName = Release;
		};
		845F2E9F1E9D48F6000A82F9 /* Build configuration list for PBXNativeTarget "FirstIOSApp" */ = {
			isa = XCConfigurationList;
			buildConfigurations = (
				845F2EA01E9D48F6000A82F9 /* Debug */,
				845F2EA11E9D48F6000A82F9 /* Release */,
			);
			defaultConfigurationIsVisible = 0;
			defaultConfigurationName = Release;
		};
/* End XCConfigurationList section */
	};
	rootObject = 845F2E851E9D48F5000A82F9 /* Project object */;
}
